
Microsoft Visual Studio Solution File, Format Version 12.00
# Visual Studio Version 17
VisualStudioVersion = 17.10.35013.160
MinimumVisualStudioVersion = 10.0.40219.1
Project("{FAE04EC0-301F-11D3-BF4B-00C04F79EFBC}") = "Leo", "Leo\Leo.csproj", "{C3FE24D7-6FD3-4E4B-AEC4-FF86E411A127}"
EndProject
Global
	GlobalSection(SolutionConfigurationPlatforms) = preSolution
		Debug|Any CPU = Debug|Any CPU
		Release|Any CPU = Release|Any CPU
	EndGlobalSection
	GlobalSection(ProjectConfigurationPlatforms) = postSolution
		{C3FE24D7-6FD3-4E4B-AEC4-FF86E411A127}.Debug|Any CPU.ActiveCfg = Debug|Any CPU
		{C3FE24D7-6FD3-4E4B-AEC4-FF86E411A127}.Debug|Any CPU.Build.0 = Debug|Any CPU
		{C3FE24D7-6FD3-4E4B-AEC4-FF86E411A127}.Release|Any CPU.ActiveCfg = Release|Any CPU
		{C3FE24D7-6FD3-4E4B-AEC4-FF86E411A127}.Release|Any CPU.Build.0 = Release|Any CPU
	EndGlobalSection
	GlobalSection(SolutionProperties) = preSolution
		HideSolutionNode = FALSE
	EndGlobalSection
	GlobalSection(ExtensibilityGlobals) = postSolution
		SolutionGuid = {6BB98702-663F-4B25-AEB0-EB42B27BFCDE}
	EndGlobalSection
EndGlobal
